// !$*UTF8*$!
{
	archiveVersion = 1;
	classes = {
	};
	objectVersion = 46;
	objects = {

/* Begin PBXBuildFile section */
		409E290E191EC10B0071E236 /* Foundation.framework in Frameworks */ = {isa = PBXBuildFile; fileRef = 409E290D191EC10B0071E236 /* Foundation.framework */; };
		409E2910191EC10B0071E236 /* CoreGraphics.framework in Frameworks */ = {isa = PBXBuildFile; fileRef = 409E290F191EC10B0071E236 /* CoreGraphics.framework */; };
		409E2912191EC10B0071E236 /* UIKit.framework in Frameworks */ = {isa = PBXBuildFile; fileRef = 409E2911191EC10B0071E236 /* UIKit.framework */; };
		409E2918191EC10B0071E236 /* InfoPlist.strings in Resources */ = {isa = PBXBuildFile; fileRef = 409E2916191EC10B0071E236 /* InfoPlist.strings */; };
		409E291A191EC10B0071E236 /* main.m in Sources */ = {isa = PBXBuildFile; fileRef = 409E2919191EC10B0071E236 /* main.m */; };
		409E291E191EC10B0071E236 /* AppDelegate.m in Sources */ = {isa = PBXBuildFile; fileRef = 409E291D191EC10B0071E236 /* AppDelegate.m */; };
		409E2920191EC10B0071E236 /* Images.xcassets in Resources */ = {isa = PBXBuildFile; fileRef = 409E291F191EC10B0071E236 /* Images.xcassets */; };
		409E2927191EC10B0071E236 /* XCTest.framework in Frameworks */ = {isa = PBXBuildFile; fileRef = 409E2926191EC10B0071E236 /* XCTest.framework */; };
		409E2928191EC10B0071E236 /* Foundation.framework in Frameworks */ = {isa = PBXBuildFile; fileRef = 409E290D191EC10B0071E236 /* Foundation.framework */; };
		409E2929191EC10B0071E236 /* UIKit.framework in Frameworks */ = {isa = PBXBuildFile; fileRef = 409E2911191EC10B0071E236 /* UIKit.framework */; };
		409E2931191EC10B0071E236 /* InfoPlist.strings in Resources */ = {isa = PBXBuildFile; fileRef = 409E292F191EC10B0071E236 /* InfoPlist.strings */; };
		409E2933191EC10B0071E236 /* TipCalculatorTests.m in Sources */ = {isa = PBXBuildFile; fileRef = 409E2932191EC10B0071E236 /* TipCalculatorTests.m */; };
		409E293F191EEE4B0071E236 /* tipViewController.m in Sources */ = {isa = PBXBuildFile; fileRef = 409E293D191EEE4B0071E236 /* tipViewController.m */; };
		409E2940191EEE4B0071E236 /* tipViewController.xib in Resources */ = {isa = PBXBuildFile; fileRef = 409E293E191EEE4B0071E236 /* tipViewController.xib */; };
		409E2944191F4B310071E236 /* SettingsViewController.m in Sources */ = {isa = PBXBuildFile; fileRef = 409E2942191F4B310071E236 /* SettingsViewController.m */; };
		409E2945191F4B310071E236 /* SettingsViewController.xib in Resources */ = {isa = PBXBuildFile; fileRef = 409E2943191F4B310071E236 /* SettingsViewController.xib */; };
		409E294B192009B10071E236 /* TipOptionsTable.m in Sources */ = {isa = PBXBuildFile; fileRef = 409E294A192009B10071E236 /* TipOptionsTable.m */; };
/* End PBXBuildFile section */

/* Begin PBXContainerItemProxy section */
		409E292A191EC10B0071E236 /* PBXContainerItemProxy */ = {
			isa = PBXContainerItemProxy;
			containerPortal = 409E2902191EC10B0071E236 /* Project object */;
			proxyType = 1;
			remoteGlobalIDString = 409E2909191EC10B0071E236;
			remoteInfo = TipCalculator;
		};
/* End PBXContainerItemProxy section */

/* Begin PBXFileReference section */
		409E290A191EC10B0071E236 /* TipCalculator.app */ = {isa = PBXFileReference; explicitFileType = wrapper.application; includeInIndex = 0; path = TipCalculator.app; sourceTree = BUILT_PRODUCTS_DIR; };
		409E290D191EC10B0071E236 /* Foundation.framework */ = {isa = PBXFileReference; lastKnownFileType = wrapper.framework; name = Foundation.framework; path = System/Library/Frameworks/Foundation.framework; sourceTree = SDKROOT; };
		409E290F191EC10B0071E236 /* CoreGraphics.framework */ = {isa = PBXFileReference; lastKnownFileType = wrapper.framework; name = CoreGraphics.framework; path = System/Library/Frameworks/CoreGraphics.framework; sourceTree = SDKROOT; };
		409E2911191EC10B0071E236 /* UIKit.framework */ = {isa = PBXFileReference; lastKnownFileType = wrapper.framework; name = UIKit.framework; path = System/Library/Frameworks/UIKit.framework; sourceTree = SDKROOT; };
		409E2915191EC10B0071E236 /* TipCalculator-Info.plist */ = {isa = PBXFileReference; lastKnownFileType = text.plist.xml; path = "TipCalculator-Info.plist"; sourceTree = "<group>"; };
		409E2917191EC10B0071E236 /* en */ = {isa = PBXFileReference; lastKnownFileType = text.plist.strings; name = en; path = en.lproj/InfoPlist.strings; sourceTree = "<group>"; };
		409E2919191EC10B0071E236 /* main.m */ = {isa = PBXFileReference; lastKnownFileType = sourcecode.c.objc; path = main.m; sourceTree = "<group>"; };
		409E291B191EC10B0071E236 /* TipCalculator-Prefix.pch */ = {isa = PBXFileReference; lastKnownFileType = sourcecode.c.h; path = "TipCalculator-Prefix.pch"; sourceTree = "<group>"; };
		409E291C191EC10B0071E236 /* AppDelegate.h */ = {isa = PBXFileReference; lastKnownFileType = sourcecode.c.h; path = AppDelegate.h; sourceTree = "<group>"; };
		409E291D191EC10B0071E236 /* AppDelegate.m */ = {isa = PBXFileReference; lastKnownFileType = sourcecode.c.objc; path = AppDelegate.m; sourceTree = "<group>"; };
		409E291F191EC10B0071E236 /* Images.xcassets */ = {isa = PBXFileReference; lastKnownFileType = folder.assetcatalog; path = Images.xcassets; sourceTree = "<group>"; };
		409E2925191EC10B0071E236 /* TipCalculatorTests.xctest */ = {isa = PBXFileReference; explicitFileType = wrapper.cfbundle; includeInIndex = 0; path = TipCalculatorTests.xctest; sourceTree = BUILT_PRODUCTS_DIR; };
		409E2926191EC10B0071E236 /* XCTest.framework */ = {isa = PBXFileReference; lastKnownFileType = wrapper.framework; name = XCTest.framework; path = Library/Frameworks/XCTest.framework; sourceTree = DEVELOPER_DIR; };
		409E292E191EC10B0071E236 /* TipCalculatorTests-Info.plist */ = {isa = PBXFileReference; lastKnownFileType = text.plist.xml; path = "TipCalculatorTests-Info.plist"; sourceTree = "<group>"; };
		409E2930191EC10B0071E236 /* en */ = {isa = PBXFileReference; lastKnownFileType = text.plist.strings; name = en; path = en.lproj/InfoPlist.strings; sourceTree = "<group>"; };
		409E2932191EC10B0071E236 /* TipCalculatorTests.m */ = {isa = PBXFileReference; lastKnownFileType = sourcecode.c.objc; path = TipCalculatorTests.m; sourceTree = "<group>"; };
		409E293C191EEE4B0071E236 /* tipViewController.h */ = {isa = PBXFileReference; fileEncoding = 4; lastKnownFileType = sourcecode.c.h; path = tipViewController.h; sourceTree = "<group>"; };
		409E293D191EEE4B0071E236 /* tipViewController.m */ = {isa = PBXFileReference; fileEncoding = 4; lastKnownFileType = sourcecode.c.objc; path = tipViewController.m; sourceTree = "<group>"; };
		409E293E191EEE4B0071E236 /* tipViewController.xib */ = {isa = PBXFileReference; fileEncoding = 4; lastKnownFileType = file.xib; path = tipViewController.xib; sourceTree = "<group>"; };
		409E2941191F4B310071E236 /* SettingsViewController.h */ = {isa = PBXFileReference; fileEncoding = 4; lastKnownFileType = sourcecode.c.h; path = SettingsViewController.h; sourceTree = "<group>"; };
		409E2942191F4B310071E236 /* SettingsViewController.m */ = {isa = PBXFileReference; fileEncoding = 4; lastKnownFileType = sourcecode.c.objc; path = SettingsViewController.m; sourceTree = "<group>"; };
		409E2943191F4B310071E236 /* SettingsViewController.xib */ = {isa = PBXFileReference; fileEncoding = 4; lastKnownFileType = file.xib; path = SettingsViewController.xib; sourceTree = "<group>"; };
		409E2949192009B10071E236 /* TipOptionsTable.h */ = {isa = PBXFileReference; fileEncoding = 4; lastKnownFileType = sourcecode.c.h; path = TipOptionsTable.h; sourceTree = "<group>"; };
		409E294A192009B10071E236 /* TipOptionsTable.m */ = {isa = PBXFileReference; fileEncoding = 4; lastKnownFileType = sourcecode.c.objc; path = TipOptionsTable.m; sourceTree = "<group>"; };
/* End PBXFileReference section */

/* Begin PBXFrameworksBuildPhase section */
		409E2907191EC10B0071E236 /* Frameworks */ = {
			isa = PBXFrameworksBuildPhase;
			buildActionMask = 2147483647;
			files = (
				409E2910191EC10B0071E236 /* CoreGraphics.framework in Frameworks */,
				409E2912191EC10B0071E236 /* UIKit.framework in Frameworks */,
				409E290E191EC10B0071E236 /* Foundation.framework in Frameworks */,
			);
			runOnlyForDeploymentPostprocessing = 0;
		};
		409E2922191EC10B0071E236 /* Frameworks */ = {
			isa = PBXFrameworksBuildPhase;
			buildActionMask = 2147483647;
			files = (
				409E2927191EC10B0071E236 /* XCTest.framework in Frameworks */,
				409E2929191EC10B0071E236 /* UIKit.framework in Frameworks */,
				409E2928191EC10B0071E236 /* Foundation.framework in Frameworks */,
			);
			runOnlyForDeploymentPostprocessing = 0;
		};
/* End PBXFrameworksBuildPhase section */

/* Begin PBXGroup section */
		409E2901191EC10B0071E236 = {
			isa = PBXGroup;
			children = (
				409E2913191EC10B0071E236 /* TipCalculator */,
				409E292C191EC10B0071E236 /* TipCalculatorTests */,
				409E290C191EC10B0071E236 /* Frameworks */,
				409E290B191EC10B0071E236 /* Products */,
			);
			sourceTree = "<group>";
		};
		409E290B191EC10B0071E236 /* Products */ = {
			isa = PBXGroup;
			children = (
				409E290A191EC10B0071E236 /* TipCalculator.app */,
				409E2925191EC10B0071E236 /* TipCalculatorTests.xctest */,
			);
			name = Products;
			sourceTree = "<group>";
		};
		409E290C191EC10B0071E236 /* Frameworks */ = {
			isa = PBXGroup;
			children = (
				409E290D191EC10B0071E236 /* Foundation.framework */,
				409E290F191EC10B0071E236 /* CoreGraphics.framework */,
				409E2911191EC10B0071E236 /* UIKit.framework */,
				409E2926191EC10B0071E236 /* XCTest.framework */,
			);
			name = Frameworks;
			sourceTree = "<group>";
		};
		409E2913191EC10B0071E236 /* TipCalculator */ = {
			isa = PBXGroup;
			children = (
				409E291C191EC10B0071E236 /* AppDelegate.h */,
				409E291D191EC10B0071E236 /* AppDelegate.m */,
				409E291F191EC10B0071E236 /* Images.xcassets */,
				409E2914191EC10B0071E236 /* Supporting Files */,
				409E293C191EEE4B0071E236 /* tipViewController.h */,
				409E293D191EEE4B0071E236 /* tipViewController.m */,
				409E293E191EEE4B0071E236 /* tipViewController.xib */,
				409E2941191F4B310071E236 /* SettingsViewController.h */,
				409E2942191F4B310071E236 /* SettingsViewController.m */,
				409E2949192009B10071E236 /* TipOptionsTable.h */,
				409E294A192009B10071E236 /* TipOptionsTable.m */,
				409E2943191F4B310071E236 /* SettingsViewController.xib */,
			);
			path = TipCalculator;
			sourceTree = "<group>";
		};
		409E2914191EC10B0071E236 /* Supporting Files */ = {
			isa = PBXGroup;
			children = (
				409E2915191EC10B0071E236 /* TipCalculator-Info.plist */,
				409E2916191EC10B0071E236 /* InfoPlist.strings */,
				409E2919191EC10B0071E236 /* main.m */,
				409E291B191EC10B0071E236 /* TipCalculator-Prefix.pch */,
			);
			name = "Supporting Files";
			sourceTree = "<group>";
		};
		409E292C191EC10B0071E236 /* TipCalculatorTests */ = {
			isa = PBXGroup;
			children = (
				409E2932191EC10B0071E236 /* TipCalculatorTests.m */,
				409E292D191EC10B0071E236 /* Supporting Files */,
			);
			path = TipCalculatorTests;
			sourceTree = "<group>";
		};
		409E292D191EC10B0071E236 /* Supporting Files */ = {
			isa = PBXGroup;
			children = (
				409E292E191EC10B0071E236 /* TipCalculatorTests-Info.plist */,
				409E292F191EC10B0071E236 /* InfoPlist.strings */,
			);
			name = "Supporting Files";
			sourceTree = "<group>";
		};
/* End PBXGroup section */

/* Begin PBXNativeTarget section */
		409E2909191EC10B0071E236 /* TipCalculator */ = {
			isa = PBXNativeTarget;
			buildConfigurationList = 409E2936191EC10B0071E236 /* Build configuration list for PBXNativeTarget "TipCalculator" */;
			buildPhases = (
				409E2906191EC10B0071E236 /* Sources */,
				409E2907191EC10B0071E236 /* Frameworks */,
				409E2908191EC10B0071E236 /* Resources */,
			);
			buildRules = (
			);
			dependencies = (
			);
			name = TipCalculator;
			productName = TipCalculator;
			productReference = 409E290A191EC10B0071E236 /* TipCalculator.app */;
			productType = "com.apple.product-type.application";
		};
		409E2924191EC10B0071E236 /* TipCalculatorTests */ = {
			isa = PBXNativeTarget;
			buildConfigurationList = 409E2939191EC10B0071E236 /* Build configuration list for PBXNativeTarget "TipCalculatorTests" */;
			buildPhases = (
				409E2921191EC10B0071E236 /* Sources */,
				409E2922191EC10B0071E236 /* Frameworks */,
				409E2923191EC10B0071E236 /* Resources */,
			);
			buildRules = (
			);
			dependencies = (
				409E292B191EC10B0071E236 /* PBXTargetDependency */,
			);
			name = TipCalculatorTests;
			productName = TipCalculatorTests;
			productReference = 409E2925191EC10B0071E236 /* TipCalculatorTests.xctest */;
			productType = "com.apple.product-type.bundle.unit-test";
		};
/* End PBXNativeTarget section */

/* Begin PBXProject section */
		409E2902191EC10B0071E236 /* Project object */ = {
			isa = PBXProject;
			attributes = {
				LastUpgradeCheck = 0510;
				ORGANIZATIONNAME = RamPerry;
				TargetAttributes = {
					409E2924191EC10B0071E236 = {
						TestTargetID = 409E2909191EC10B0071E236;
					};
				};
			};
			buildConfigurationList = 409E2905191EC10B0071E236 /* Build configuration list for PBXProject "TipCalculator" */;
			compatibilityVersion = "Xcode 3.2";
			developmentRegion = English;
			hasScannedForEncodings = 0;
			knownRegions = (
				en,
			);
			mainGroup = 409E2901191EC10B0071E236;
			productRefGroup = 409E290B191EC10B0071E236 /* Products */;
			projectDirPath = "";
			projectRoot = "";
			targets = (
				409E2909191EC10B0071E236 /* TipCalculator */,
				409E2924191EC10B0071E236 /* TipCalculatorTests */,
			);
		};
/* End PBXProject section */

/* Begin PBXResourcesBuildPhase section */
		409E2908191EC10B0071E236 /* Resources */ = {
			isa = PBXResourcesBuildPhase;
			buildActionMask = 2147483647;
			files = (
				409E2918191EC10B0071E236 /* InfoPlist.strings in Resources */,
				409E2920191EC10B0071E236 /* Images.xcassets in Resources */,
				409E2940191EEE4B0071E236 /* tipViewController.xib in Resources */,
				409E2945191F4B310071E236 /* SettingsViewController.xib in Resources */,
			);
			runOnlyForDeploymentPostprocessing = 0;
		};
		409E2923191EC10B0071E236 /* Resources */ = {
			isa = PBXResourcesBuildPhase;
			buildActionMask = 2147483647;
			files = (
				409E2931191EC10B0071E236 /* InfoPlist.strings in Resources */,
			);
			runOnlyForDeploymentPostprocessing = 0;
		};
/* End PBXResourcesBuildPhase section */

/* Begin PBXSourcesBuildPhase section */
		409E2906191EC10B0071E236 /* Sources */ = {
			isa = PBXSourcesBuildPhase;
			buildActionMask = 2147483647;
			files = (
				409E291E191EC10B0071E236 /* AppDelegate.m in Sources */,
				409E294B192009B10071E236 /* TipOptionsTable.m in Sources */,
				409E291A191EC10B0071E236 /* main.m in Sources */,
				409E293F191EEE4B0071E236 /* tipViewController.m in Sources */,
				409E2944191F4B310071E236 /* SettingsViewController.m in Sources */,
			);
			runOnlyForDeploymentPostprocessing = 0;
		};
		409E2921191EC10B0071E236 /* Sources */ = {
			isa = PBXSourcesBuildPhase;
			buildActionMask = 2147483647;
			files = (
				409E2933191EC10B0071E236 /* TipCalculatorTests.m in Sources */,
			);
			runOnlyForDeploymentPostprocessing = 0;
		};
/* End PBXSourcesBuildPhase section */

/* Begin PBXTargetDependency section */
		409E292B191EC10B0071E236 /* PBXTargetDependency */ = {
			isa = PBXTargetDependency;
			target = 409E2909191EC10B0071E236 /* TipCalculator */;
			targetProxy = 409E292A191EC10B0071E236 /* PBXContainerItemProxy */;
		};
/* End PBXTargetDependency section */

/* Begin PBXVariantGroup section */
		409E2916191EC10B0071E236 /* InfoPlist.strings */ = {
			isa = PBXVariantGroup;
			children = (
				409E2917191EC10B0071E236 /* en */,
			);
			name = InfoPlist.strings;
			sourceTree = "<group>";
		};
		409E292F191EC10B0071E236 /* InfoPlist.strings */ = {
			isa = PBXVariantGroup;
			children = (
				409E2930191EC10B0071E236 /* en */,
			);
			name = InfoPlist.strings;
			sourceTree = "<group>";
		};
/* End PBXVariantGroup section */

/* Begin XCBuildConfiguration section */
		409E2934191EC10B0071E236 /* Debug */ = {
			isa = XCBuildConfiguration;
			buildSettings = {
				ALWAYS_SEARCH_USER_PATHS = NO;
				ARCHS = "$(ARCHS_STANDARD_INCLUDING_64_BIT)";
				CLANG_CXX_LANGUAGE_STANDARD = "gnu++0x";
				CLANG_CXX_LIBRARY = "libc++";
				CLANG_ENABLE_MODULES = YES;
				CLANG_ENABLE_OBJC_ARC = YES;
				CLANG_WARN_BOOL_CONVERSION = YES;
				CLANG_WARN_CONSTANT_CONVERSION = YES;
				CLANG_WARN_DIRECT_OBJC_ISA_USAGE = YES_ERROR;
				CLANG_WARN_EMPTY_BODY = YES;
				CLANG_WARN_ENUM_CONVERSION = YES;
				CLANG_WARN_INT_CONVERSION = YES;
				CLANG_WARN_OBJC_ROOT_CLASS = YES_ERROR;
				CLANG_WARN__DUPLICATE_METHOD_MATCH = YES;
				"CODE_SIGN_IDENTITY[sdk=iphoneos*]" = "iPhone Developer";
				COPY_PHASE_STRIP = NO;
				GCC_C_LANGUAGE_STANDARD = gnu99;
				GCC_DYNAMIC_NO_PIC = NO;
				GCC_OPTIMIZATION_LEVEL = 0;
				GCC_PREPROCESSOR_DEFINITIONS = (
					"DEBUG=1",
					"$(inherited)",
				);
				GCC_SYMBOLS_PRIVATE_EXTERN = NO;
				GCC_WARN_64_TO_32_BIT_CONVERSION = YES;
				GCC_WARN_ABOUT_RETURN_TYPE = YES_ERROR;
				GCC_WARN_UNDECLARED_SELECTOR = YES;
				GCC_WARN_UNINITIALIZED_AUTOS = YES_AGGRESSIVE;
				GCC_WARN_UNUSED_FUNCTION = YES;
				GCC_WARN_UNUSED_VARIABLE = YES;
				IPHONEOS_DEPLOYMENT_TARGET = 7.1;
				ONLY_ACTIVE_ARCH = YES;
				SDKROOT = iphoneos;
				TARGETED_DEVICE_FAMILY = "1,2";
			};
			name = Debug;
		};
		409E2935191EC10B0071E236 /* Release */ = {
			isa = XCBuildConfiguration;
			buildSettings = {
				ALWAYS_SEARCH_USER_PATHS = NO;
				ARCHS = "$(ARCHS_STANDARD_INCLUDING_64_BIT)";
				CLANG_CXX_LANGUAGE_STANDARD = "gnu++0x";
				CLANG_CXX_LIBRARY = "libc++";
				CLANG_ENABLE_MODULES = YES;
				CLANG_ENABLE_OBJC_ARC = YES;
				CLANG_WARN_BOOL_CONVERSION = YES;
				CLANG_WARN_CONSTANT_CONVERSION = YES;
				CLANG_WARN_DIRECT_OBJC_ISA_USAGE = YES_ERROR;
				CLANG_WARN_EMPTY_BODY = YES;
				CLANG_WARN_ENUM_CONVERSION = YES;
				CLANG_WARN_INT_CONVERSION = YES;
				CLANG_WARN_OBJC_ROOT_CLASS = YES_ERROR;
				CLANG_WARN__DUPLICATE_METHOD_MATCH = YES;
				"CODE_SIGN_IDENTITY[sdk=iphoneos*]" = "iPhone Developer";
				COPY_PHASE_STRIP = YES;
				ENABLE_NS_ASSERTIONS = NO;
				GCC_C_LANGUAGE_STANDARD = gnu99;
				GCC_WARN_64_TO_32_BIT_CONVERSION = YES;
				GCC_WARN_ABOUT_RETURN_TYPE = YES_ERROR;
				GCC_WARN_UNDECLARED_SELECTOR = YES;
				GCC_WARN_UNINITIALIZED_AUTOS = YES_AGGRESSIVE;
				GCC_WARN_UNUSED_FUNCTION = YES;
				GCC_WARN_UNUSED_VARIABLE = YES;
				IPHONEOS_DEPLOYMENT_TARGET = 7.1;
				SDKROOT = iphoneos;
				TARGETED_DEVICE_FAMILY = "1,2";
				VALIDATE_PRODUCT = YES;
			};
			name = Release;
		};
		409E2937191EC10B0071E236 /* Debug */ = {
			isa = XCBuildConfiguration;
			buildSettings = {
				ASSETCATALOG_COMPILER_APPICON_NAME = AppIcon;
				ASSETCATALOG_COMPILER_LAUNCHIMAGE_NAME = LaunchImage;
				GCC_PRECOMPILE_PREFIX_HEADER = YES;
				GCC_PREFIX_HEADER = "TipCalculator/TipCalculator-Prefix.pch";
				INFOPLIST_FILE = "TipCalculator/TipCalculator-Info.plist";
				PRODUCT_NAME = "$(TARGET_NAME)";
				WRAPPER_EXTENSION = app;
			};
			name = Debug;
		};
		409E2938191EC10B0071E236 /* Release */ = {
			isa = XCBuildConfiguration;
			buildSettings = {
				ASSETCATALOG_COMPILER_APPICON_NAME = AppIcon;
				ASSETCATALOG_COMPILER_LAUNCHIMAGE_NAME = LaunchImage;
				GCC_PRECOMPILE_PREFIX_HEADER = YES;
				GCC_PREFIX_HEADER = "TipCalculator/TipCalculator-Prefix.pch";
				INFOPLIST_FILE = "TipCalculator/TipCalculator-Info.plist";
				PRODUCT_NAME = "$(TARGET_NAME)";
				WRAPPER_EXTENSION = app;
			};
			name = Release;
		};
		409E293A191EC10B0071E236 /* Debug */ = {
			isa = XCBuildConfiguration;
			buildSettings = {
				ARCHS = "$(ARCHS_STANDARD_INCLUDING_64_BIT)";
				BUNDLE_LOADER = "$(BUILT_PRODUCTS_DIR)/TipCalculator.app/TipCalculator";
				FRAMEWORK_SEARCH_PATHS = (
					"$(SDKROOT)/Developer/Library/Frameworks",
					"$(inherited)",
					"$(DEVELOPER_FRAMEWORKS_DIR)",
				);
				GCC_PRECOMPILE_PREFIX_HEADER = YES;
				GCC_PREFIX_HEADER = "TipCalculator/TipCalculator-Prefix.pch";
				GCC_PREPROCESSOR_DEFINITIONS = (
					"DEBUG=1",
					"$(inherited)",
				);
				INFOPLIST_FILE = "TipCalculatorTests/TipCalculatorTests-Info.plist";
				PRODUCT_NAME = "$(TARGET_NAME)";
				TEST_HOST = "$(BUNDLE_LOADER)";
				WRAPPER_EXTENSION = xctest;
			};
			name = Debug;
		};
		409E293B191EC10B0071E236 /* Release */ = {
			isa = XCBuildConfiguration;
			buildSettings = {
				ARCHS = "$(ARCHS_STANDARD_INCLUDING_64_BIT)";
				BUNDLE_LOADER = "$(BUILT_PRODUCTS_DIR)/TipCalculator.app/TipCalculator";
				FRAMEWORK_SEARCH_PATHS = (
					"$(SDKROOT)/Developer/Library/Frameworks",
					"$(inherited)",
					"$(DEVELOPER_FRAMEWORKS_DIR)",
				);
				GCC_PRECOMPILE_PREFIX_HEADER = YES;
				GCC_PREFIX_HEADER = "TipCalculator/TipCalculator-Prefix.pch";
				INFOPLIST_FILE = "TipCalculatorTests/TipCalculatorTests-Info.plist";
				PRODUCT_NAME = "$(TARGET_NAME)";
				TEST_HOST = "$(BUNDLE_LOADER)";
				WRAPPER_EXTENSION = xctest;
			};
			name = Release;
		};
/* End XCBuildConfiguration section */

/* Begin XCConfigurationList section */
		409E2905191EC10B0071E236 /* Build configuration list for PBXProject "TipCalculator" */ = {
			isa = XCConfigurationList;
			buildConfigurations = (
				409E2934191EC10B0071E236 /* Debug */,
				409E2935191EC10B0071E236 /* Release */,
			);
			defaultConfigurationIsVisible = 0;
			defaultConfigurationName = Release;
		};
		409E2936191EC10B0071E236 /* Build configuration list for PBXNativeTarget "TipCalculator" */ = {
			isa = XCConfigurationList;
			buildConfigurations = (
				409E2937191EC10B0071E236 /* Debug */,
				409E2938191EC10B0071E236 /* Release */,
			);
			defaultConfigurationIsVisible = 0;
		};
		409E2939191EC10B0071E236 /* Build configuration list for PBXNativeTarget "TipCalculatorTests" */ = {
			isa = XCConfigurationList;
			buildConfigurations = (
				409E293A191EC10B0071E236 /* Debug */,
				409E293B191EC10B0071E236 /* Release */,
			);
			defaultConfigurationIsVisible = 0;
		};
/* End XCConfigurationList section */
	};
	rootObject = 409E2902191EC10B0071E236 /* Project object */;
}
